{
  "nodes": {
    "fenix": {
      "inputs": {
        "nixpkgs": [
          "nixpkgs"
        ],
        "rust-analyzer-src": "rust-analyzer-src"
      },
      "locked": {
        "lastModified": 1698128526,
        "narHash": "sha256-1muHv0QsRbsKY8qrHMIcqIBvspqC5lBwAfABhCXfD4Q=",
        "owner": "nix-community",
        "repo": "fenix",
        "rev": "794fbbbaa9e7eba6fb0ae20b35941a2c795e4dc3",
        "type": "github"
      },
      "original": {
        "owner": "nix-community",
        "repo": "fenix",
        "type": "github"
      }
    },
    "nixpkgs": {
      "locked": {
        "lastModified": 1689752456,
        "narHash": "sha256-VOChdECcEI8ixz8QY+YC4JaNEFwQd1V8bA0G4B28Ki0=",
        "owner": "nixos",
        "repo": "nixpkgs",
        "rev": "7f256d7da238cb627ef189d56ed590739f42f13b",
        "type": "github"
      },
      "original": {
        "owner": "nixos",
        "ref": "nixpkgs-unstable",
        "repo": "nixpkgs",
        "type": "github"
      }
    },
    "root": {
      "inputs": {
        "fenix": "fenix",
        "nixpkgs": "nixpkgs"
      }
    },
    "rust-analyzer-src": {
      "flake": false,
      "locked": {
        "lastModified": 1698080182,
        "narHash": "sha256-0/Ni0HWidN48J//aonBu1itPhnn1lVUm/mQUmLliJyk=",
        "owner": "rust-lang",
        "repo": "rust-analyzer",
        "rev": "2f6961aaaf65cff82e43ca9171fd7a824a7d81ca",
        "type": "github"
      },
      "original": {
        "owner": "rust-lang",
        "ref": "nightly",
        "repo": "rust-analyzer",
        "type": "github"
      }
    }
  },
  "root": "root",
  "version": 7
}
